
Microsoft Visual Studio Solution File, Format Version 12.00
Project("{FAE04EC0-301F-11D3-BF4B-00C04F79EFBC}") = "Selu383Bot", "Selu383Bot\Selu383Bot.csproj", "{8F3B562B-6973-4C4A-8111-9E4B0064DBF4}"
EndProject
Global
	GlobalSection(SolutionConfigurationPlatforms) = preSolution
		Debug|Any CPU = Debug|Any CPU
		Release|Any CPU = Release|Any CPU
	EndGlobalSection
	GlobalSection(ProjectConfigurationPlatforms) = postSolution
		{8F3B562B-6973-4C4A-8111-9E4B0064DBF4}.Debug|Any CPU.ActiveCfg = Debug|Any CPU
		{8F3B562B-6973-4C4A-8111-9E4B0064DBF4}.Debug|Any CPU.Build.0 = Debug|Any CPU
		{8F3B562B-6973-4C4A-8111-9E4B0064DBF4}.Release|Any CPU.ActiveCfg = Release|Any CPU
		{8F3B562B-6973-4C4A-8111-9E4B0064DBF4}.Release|Any CPU.Build.0 = Release|Any CPU
	EndGlobalSection
EndGlobal
